
Microsoft Visual Studio Solution File, Format Version 12.00
# Visual Studio Version 17
VisualStudioVersion = 17.6.33723.286
MinimumVisualStudioVersion = 10.0.40219.1
Project("{FAE04EC0-301F-11D3-BF4B-00C04F79EFBC}") = "DemKyTU", "DemKyTU\DemKyTU.csproj", "{A5AFC8F0-44A1-4F57-8E04-481629BB96EE}"
EndProject
Global
	GlobalSection(SolutionConfigurationPlatforms) = preSolution
		Debug|Any CPU = Debug|Any CPU
		Release|Any CPU = Release|Any CPU
	EndGlobalSection
	GlobalSection(ProjectConfigurationPlatforms) = postSolution
		{A5AFC8F0-44A1-4F57-8E04-481629BB96EE}.Debug|Any CPU.ActiveCfg = Debug|Any CPU
		{A5AFC8F0-44A1-4F57-8E04-481629BB96EE}.Debug|Any CPU.Build.0 = Debug|Any CPU
		{A5AFC8F0-44A1-4F57-8E04-481629BB96EE}.Release|Any CPU.ActiveCfg = Release|Any CPU
		{A5AFC8F0-44A1-4F57-8E04-481629BB96EE}.Release|Any CPU.Build.0 = Release|Any CPU
	EndGlobalSection
	GlobalSection(SolutionProperties) = preSolution
		HideSolutionNode = FALSE
	EndGlobalSection
	GlobalSection(ExtensibilityGlobals) = postSolution
		SolutionGuid = {A33446DD-8864-46A9-970E-8ACF41CDEFDB}
	EndGlobalSection
EndGlobal
